// !$*UTF8*$!
{
	archiveVersion = 1;
	classes = {
	};
	objectVersion = 46;
	objects = {

/* Begin PBXAggregateTarget section */
		00EDD00B167181E000388D1F /* Facebook-Universal */ = {
			isa = PBXAggregateTarget;
			buildConfigurationList = 00EDD00C167181E000388D1F /* Build configuration list for PBXAggregateTarget "Facebook-Universal" */;
			buildPhases = (
				00EDD00F167181ED00388D1F /* ShellScript */,
			);
			dependencies = (
			);
			name = "Facebook-Universal";
			productName = "Facebook-Universal";
		};
/* End PBXAggregateTarget section */

/* Begin PBXBuildFile section */
		00EDCF3D167179C700388D1F /* Foundation.framework in Frameworks */ = {isa = PBXBuildFile; fileRef = 00EDCF3C167179C700388D1F /* Foundation.framework */; };
		00EDCFAD16717D6600388D1F /* Facebook.m in Sources */ = {isa = PBXBuildFile; fileRef = 00EDCF5B16717D6600388D1F /* Facebook.m */; };
		00EDCFAE16717D6600388D1F /* FBCacheDescriptor.m in Sources */ = {isa = PBXBuildFile; fileRef = 00EDCF5E16717D6600388D1F /* FBCacheDescriptor.m */; };
		00EDCFAF16717D6600388D1F /* FBCacheIndex.m in Sources */ = {isa = PBXBuildFile; fileRef = 00EDCF6016717D6600388D1F /* FBCacheIndex.m */; };
		00EDCFB016717D6600388D1F /* FBContentLink.m in Sources */ = {isa = PBXBuildFile; fileRef = 00EDCF6316717D6600388D1F /* FBContentLink.m */; };
		00EDCFB116717D6600388D1F /* FBDataDiskCache.m in Sources */ = {isa = PBXBuildFile; fileRef = 00EDCF6516717D6600388D1F /* FBDataDiskCache.m */; };
		00EDCFB216717D6600388D1F /* FBDialog.m in Sources */ = {isa = PBXBuildFile; fileRef = 00EDCF6716717D6600388D1F /* FBDialog.m */; };
		00EDCFB316717D6600388D1F /* FBError.m in Sources */ = {isa = PBXBuildFile; fileRef = 00EDCF6916717D6600388D1F /* FBError.m */; };
		00EDCFB416717D6600388D1F /* FBFrictionlessRequestSettings.m in Sources */ = {isa = PBXBuildFile; fileRef = 00EDCF6B16717D6600388D1F /* FBFrictionlessRequestSettings.m */; };
		00EDCFB516717D6600388D1F /* FBFriendPickerCacheDescriptor.m in Sources */ = {isa = PBXBuildFile; fileRef = 00EDCF6D16717D6600388D1F /* FBFriendPickerCacheDescriptor.m */; };
		00EDCFB616717D6600388D1F /* FBFriendPickerViewController.m in Sources */ = {isa = PBXBuildFile; fileRef = 00EDCF6F16717D6600388D1F /* FBFriendPickerViewController.m */; };
		00EDCFB716717D6600388D1F /* FBGraphObject.m in Sources */ = {isa = PBXBuildFile; fileRef = 00EDCF7316717D6600388D1F /* FBGraphObject.m */; };
		00EDCFB816717D6600388D1F /* FBGraphObjectPagingLoader.m in Sources */ = {isa = PBXBuildFile; fileRef = 00EDCF7516717D6600388D1F /* FBGraphObjectPagingLoader.m */; };
		00EDCFB916717D6600388D1F /* FBGraphObjectTableCell.m in Sources */ = {isa = PBXBuildFile; fileRef = 00EDCF7716717D6600388D1F /* FBGraphObjectTableCell.m */; };
		00EDCFBA16717D6600388D1F /* FBGraphObjectTableDataSource.m in Sources */ = {isa = PBXBuildFile; fileRef = 00EDCF7916717D6600388D1F /* FBGraphObjectTableDataSource.m */; };
		00EDCFBB16717D6600388D1F /* FBGraphObjectTableSelection.m in Sources */ = {isa = PBXBuildFile; fileRef = 00EDCF7B16717D6600388D1F /* FBGraphObjectTableSelection.m */; };
		00EDCFBC16717D6600388D1F /* FBLogger.m in Sources */ = {isa = PBXBuildFile; fileRef = 00EDCF7F16717D6600388D1F /* FBLogger.m */; };
		00EDCFBD16717D6600388D1F /* FBLoginDialog.m in Sources */ = {isa = PBXBuildFile; fileRef = 00EDCF8116717D6600388D1F /* FBLoginDialog.m */; };
		00EDCFBE16717D6600388D1F /* FBLoginView.m in Sources */ = {isa = PBXBuildFile; fileRef = 00EDCF8316717D6600388D1F /* FBLoginView.m */; };
		00EDCFBF16717D6600388D1F /* FBNativeDialogs.m in Sources */ = {isa = PBXBuildFile; fileRef = 00EDCF8516717D6600388D1F /* FBNativeDialogs.m */; };
		00EDCFC016717D6600388D1F /* FBPlacePickerCacheDescriptor.m in Sources */ = {isa = PBXBuildFile; fileRef = 00EDCF8816717D6600388D1F /* FBPlacePickerCacheDescriptor.m */; };
		00EDCFC116717D6600388D1F /* FBPlacePickerViewController.m in Sources */ = {isa = PBXBuildFile; fileRef = 00EDCF8A16717D6600388D1F /* FBPlacePickerViewController.m */; };
		00EDCFC216717D6600388D1F /* FBProfilePictureView.m in Sources */ = {isa = PBXBuildFile; fileRef = 00EDCF8D16717D6600388D1F /* FBProfilePictureView.m */; };
		00EDCFC316717D6600388D1F /* FBRequest.m in Sources */ = {isa = PBXBuildFile; fileRef = 00EDCF8F16717D6600388D1F /* FBRequest.m */; };
		00EDCFC416717D6600388D1F /* FBRequestBody.m in Sources */ = {isa = PBXBuildFile; fileRef = 00EDCF9116717D6600388D1F /* FBRequestBody.m */; };
		00EDCFC516717D6600388D1F /* FBRequestConnection.m in Sources */ = {isa = PBXBuildFile; fileRef = 00EDCF9316717D6600388D1F /* FBRequestConnection.m */; };
		00EDCFC616717D6600388D1F /* FBSession.m in Sources */ = {isa = PBXBuildFile; fileRef = 00EDCF9716717D6600388D1F /* FBSession.m */; };
		00EDCFC716717D6600388D1F /* FBSessionManualTokenCachingStrategy.m in Sources */ = {isa = PBXBuildFile; fileRef = 00EDCF9B16717D6600388D1F /* FBSessionManualTokenCachingStrategy.m */; };
		00EDCFC816717D6600388D1F /* FBSessionTokenCachingStrategy.m in Sources */ = {isa = PBXBuildFile; fileRef = 00EDCF9D16717D6600388D1F /* FBSessionTokenCachingStrategy.m */; };
		00EDCFC916717D6600388D1F /* FBSettings.m in Sources */ = {isa = PBXBuildFile; fileRef = 00EDCF9F16717D6600388D1F /* FBSettings.m */; };
		00EDCFCA16717D6600388D1F /* FBTestSession.m in Sources */ = {isa = PBXBuildFile; fileRef = 00EDCFA216717D6600388D1F /* FBTestSession.m */; };
		00EDCFCB16717D6600388D1F /* FBURLConnection.m in Sources */ = {isa = PBXBuildFile; fileRef = 00EDCFA516717D6600388D1F /* FBURLConnection.m */; };
		00EDCFCC16717D6600388D1F /* FBUserSettingsViewController.m in Sources */ = {isa = PBXBuildFile; fileRef = 00EDCFA716717D6600388D1F /* FBUserSettingsViewController.m */; };
		00EDCFCD16717D6600388D1F /* FBUtility.m in Sources */ = {isa = PBXBuildFile; fileRef = 00EDCFA916717D6600388D1F /* FBUtility.m */; };
		00EDCFCE16717D6600388D1F /* FBViewController.m in Sources */ = {isa = PBXBuildFile; fileRef = 00EDCFAB16717D6600388D1F /* FBViewController.m */; };
		00EDCFD216717FA200388D1F /* Facebook.h in Headers */ = {isa = PBXBuildFile; fileRef = 00EDCF5A16717D6600388D1F /* Facebook.h */; settings = {ATTRIBUTES = (Public, ); }; };
		00EDCFD316717FA200388D1F /* FacebookSDK.h in Headers */ = {isa = PBXBuildFile; fileRef = 00EDCF5C16717D6600388D1F /* FacebookSDK.h */; settings = {ATTRIBUTES = (Public, ); }; };
		00EDCFD416717FA200388D1F /* FBCacheDescriptor.h in Headers */ = {isa = PBXBuildFile; fileRef = 00EDCF5D16717D6600388D1F /* FBCacheDescriptor.h */; settings = {ATTRIBUTES = (Public, ); }; };
		00EDCFD516717FA200388D1F /* FBCacheIndex.h in Headers */ = {isa = PBXBuildFile; fileRef = 00EDCF5F16717D6600388D1F /* FBCacheIndex.h */; settings = {ATTRIBUTES = (Public, ); }; };
		00EDCFD616717FA200388D1F /* FBConnect.h in Headers */ = {isa = PBXBuildFile; fileRef = 00EDCF6116717D6600388D1F /* FBConnect.h */; settings = {ATTRIBUTES = (Public, ); }; };
		00EDCFD716717FA200388D1F /* FBContentLink.h in Headers */ = {isa = PBXBuildFile; fileRef = 00EDCF6216717D6600388D1F /* FBContentLink.h */; settings = {ATTRIBUTES = (Public, ); }; };
		00EDCFD816717FA200388D1F /* FBDataDiskCache.h in Headers */ = {isa = PBXBuildFile; fileRef = 00EDCF6416717D6600388D1F /* FBDataDiskCache.h */; settings = {ATTRIBUTES = (Public, ); }; };
		00EDCFD916717FA200388D1F /* FBDialog.h in Headers */ = {isa = PBXBuildFile; fileRef = 00EDCF6616717D6600388D1F /* FBDialog.h */; settings = {ATTRIBUTES = (Public, ); }; };
		00EDCFDA16717FA200388D1F /* FBError.h in Headers */ = {isa = PBXBuildFile; fileRef = 00EDCF6816717D6600388D1F /* FBError.h */; settings = {ATTRIBUTES = (Public, ); }; };
		00EDCFDB16717FA200388D1F /* FBFrictionlessRequestSettings.h in Headers */ = {isa = PBXBuildFile; fileRef = 00EDCF6A16717D6600388D1F /* FBFrictionlessRequestSettings.h */; settings = {ATTRIBUTES = (Public, ); }; };
		00EDCFDC16717FA200388D1F /* FBFriendPickerCacheDescriptor.h in Headers */ = {isa = PBXBuildFile; fileRef = 00EDCF6C16717D6600388D1F /* FBFriendPickerCacheDescriptor.h */; settings = {ATTRIBUTES = (Public, ); }; };
		00EDCFDD16717FA200388D1F /* FBFriendPickerViewController.h in Headers */ = {isa = PBXBuildFile; fileRef = 00EDCF6E16717D6600388D1F /* FBFriendPickerViewController.h */; settings = {ATTRIBUTES = (Public, ); }; };
		00EDCFDE16717FA200388D1F /* FBFriendPickerViewController+Internal.h in Headers */ = {isa = PBXBuildFile; fileRef = 00EDCF7016717D6600388D1F /* FBFriendPickerViewController+Internal.h */; settings = {ATTRIBUTES = (Public, ); }; };
		00EDCFDF16717FA200388D1F /* FBGraphLocation.h in Headers */ = {isa = PBXBuildFile; fileRef = 00EDCF7116717D6600388D1F /* FBGraphLocation.h */; settings = {ATTRIBUTES = (Public, ); }; };
		00EDCFE016717FA200388D1F /* FBGraphObject.h in Headers */ = {isa = PBXBuildFile; fileRef = 00EDCF7216717D6600388D1F /* FBGraphObject.h */; settings = {ATTRIBUTES = (Public, ); }; };
		00EDCFE116717FA200388D1F /* FBGraphObjectPagingLoader.h in Headers */ = {isa = PBXBuildFile; fileRef = 00EDCF7416717D6600388D1F /* FBGraphObjectPagingLoader.h */; settings = {ATTRIBUTES = (Public, ); }; };
		00EDCFE216717FA200388D1F /* FBGraphObjectTableCell.h in Headers */ = {isa = PBXBuildFile; fileRef = 00EDCF7616717D6600388D1F /* FBGraphObjectTableCell.h */; settings = {ATTRIBUTES = (Public, ); }; };
		00EDCFE316717FA200388D1F /* FBGraphObjectTableDataSource.h in Headers */ = {isa = PBXBuildFile; fileRef = 00EDCF7816717D6600388D1F /* FBGraphObjectTableDataSource.h */; settings = {ATTRIBUTES = (Public, ); }; };
		00EDCFE416717FA200388D1F /* FBGraphObjectTableSelection.h in Headers */ = {isa = PBXBuildFile; fileRef = 00EDCF7A16717D6600388D1F /* FBGraphObjectTableSelection.h */; settings = {ATTRIBUTES = (Public, ); }; };
		00EDCFE516717FA200388D1F /* FBGraphPlace.h in Headers */ = {isa = PBXBuildFile; fileRef = 00EDCF7C16717D6600388D1F /* FBGraphPlace.h */; settings = {ATTRIBUTES = (Public, ); }; };
		00EDCFE616717FA200388D1F /* FBGraphUser.h in Headers */ = {isa = PBXBuildFile; fileRef = 00EDCF7D16717D6600388D1F /* FBGraphUser.h */; settings = {ATTRIBUTES = (Public, ); }; };
		00EDCFE716717FA200388D1F /* FBLogger.h in Headers */ = {isa = PBXBuildFile; fileRef = 00EDCF7E16717D6600388D1F /* FBLogger.h */; settings = {ATTRIBUTES = (Public, ); }; };
		00EDCFE816717FA200388D1F /* FBLoginDialog.h in Headers */ = {isa = PBXBuildFile; fileRef = 00EDCF8016717D6600388D1F /* FBLoginDialog.h */; settings = {ATTRIBUTES = (Public, ); }; };
		00EDCFE916717FA200388D1F /* FBLoginView.h in Headers */ = {isa = PBXBuildFile; fileRef = 00EDCF8216717D6600388D1F /* FBLoginView.h */; settings = {ATTRIBUTES = (Public, ); }; };
		00EDCFEA16717FA200388D1F /* FBNativeDialogs.h in Headers */ = {isa = PBXBuildFile; fileRef = 00EDCF8416717D6600388D1F /* FBNativeDialogs.h */; settings = {ATTRIBUTES = (Public, ); }; };
		00EDCFEB16717FA200388D1F /* FBOpenGraphAction.h in Headers */ = {isa = PBXBuildFile; fileRef = 00EDCF8616717D6600388D1F /* FBOpenGraphAction.h */; settings = {ATTRIBUTES = (Public, ); }; };
		00EDCFEC16717FA200388D1F /* FBPlacePickerCacheDescriptor.h in Headers */ = {isa = PBXBuildFile; fileRef = 00EDCF8716717D6600388D1F /* FBPlacePickerCacheDescriptor.h */; settings = {ATTRIBUTES = (Public, ); }; };
		00EDCFED16717FA200388D1F /* FBPlacePickerViewController.h in Headers */ = {isa = PBXBuildFile; fileRef = 00EDCF8916717D6600388D1F /* FBPlacePickerViewController.h */; settings = {ATTRIBUTES = (Public, ); }; };
		00EDCFEE16717FA200388D1F /* FBPlacePickerViewController+Internal.h in Headers */ = {isa = PBXBuildFile; fileRef = 00EDCF8B16717D6600388D1F /* FBPlacePickerViewController+Internal.h */; settings = {ATTRIBUTES = (Public, ); }; };
		00EDCFEF16717FA200388D1F /* FBProfilePictureView.h in Headers */ = {isa = PBXBuildFile; fileRef = 00EDCF8C16717D6600388D1F /* FBProfilePictureView.h */; settings = {ATTRIBUTES = (Public, ); }; };
		00EDCFF016717FA200388D1F /* FBRequest.h in Headers */ = {isa = PBXBuildFile; fileRef = 00EDCF8E16717D6600388D1F /* FBRequest.h */; settings = {ATTRIBUTES = (Public, ); }; };
		00EDCFF116717FA200388D1F /* FBRequestBody.h in Headers */ = {isa = PBXBuildFile; fileRef = 00EDCF9016717D6600388D1F /* FBRequestBody.h */; settings = {ATTRIBUTES = (Public, ); }; };
		00EDCFF216717FA200388D1F /* FBRequestConnection.h in Headers */ = {isa = PBXBuildFile; fileRef = 00EDCF9216717D6600388D1F /* FBRequestConnection.h */; settings = {ATTRIBUTES = (Public, ); }; };
		00EDCFF316717FA200388D1F /* FBRequestConnection+Internal.h in Headers */ = {isa = PBXBuildFile; fileRef = 00EDCF9416717D6600388D1F /* FBRequestConnection+Internal.h */; settings = {ATTRIBUTES = (Public, ); }; };
		00EDCFF416717FA200388D1F /* FBSDKVersion.h in Headers */ = {isa = PBXBuildFile; fileRef = 00EDCF9516717D6600388D1F /* FBSDKVersion.h */; settings = {ATTRIBUTES = (Public, ); }; };
		00EDCFF516717FA200388D1F /* FBSession.h in Headers */ = {isa = PBXBuildFile; fileRef = 00EDCF9616717D6600388D1F /* FBSession.h */; settings = {ATTRIBUTES = (Public, ); }; };
		00EDCFF616717FA200388D1F /* FBSession+Internal.h in Headers */ = {isa = PBXBuildFile; fileRef = 00EDCF9816717D6600388D1F /* FBSession+Internal.h */; settings = {ATTRIBUTES = (Public, ); }; };
		00EDCFF716717FA200388D1F /* FBSession+Protected.h in Headers */ = {isa = PBXBuildFile; fileRef = 00EDCF9916717D6600388D1F /* FBSession+Protected.h */; settings = {ATTRIBUTES = (Public, ); }; };
		00EDCFF816717FA200388D1F /* FBSessionManualTokenCachingStrategy.h in Headers */ = {isa = PBXBuildFile; fileRef = 00EDCF9A16717D6600388D1F /* FBSessionManualTokenCachingStrategy.h */; settings = {ATTRIBUTES = (Public, ); }; };
		00EDCFF916717FA200388D1F /* FBSessionTokenCachingStrategy.h in Headers */ = {isa = PBXBuildFile; fileRef = 00EDCF9C16717D6600388D1F /* FBSessionTokenCachingStrategy.h */; settings = {ATTRIBUTES = (Public, ); }; };
		00EDCFFA16717FA200388D1F /* FBSettings.h in Headers */ = {isa = PBXBuildFile; fileRef = 00EDCF9E16717D6600388D1F /* FBSettings.h */; settings = {ATTRIBUTES = (Public, ); }; };
		00EDCFFB16717FA200388D1F /* FBSettings+Internal.h in Headers */ = {isa = PBXBuildFile; fileRef = 00EDCFA016717D6600388D1F /* FBSettings+Internal.h */; settings = {ATTRIBUTES = (Public, ); }; };
		00EDCFFC16717FA200388D1F /* FBTestSession.h in Headers */ = {isa = PBXBuildFile; fileRef = 00EDCFA116717D6600388D1F /* FBTestSession.h */; settings = {ATTRIBUTES = (Public, ); }; };
		00EDCFFD16717FA200388D1F /* FBTestSession+Internal.h in Headers */ = {isa = PBXBuildFile; fileRef = 00EDCFA316717D6600388D1F /* FBTestSession+Internal.h */; settings = {ATTRIBUTES = (Public, ); }; };
		00EDCFFE16717FA200388D1F /* FBURLConnection.h in Headers */ = {isa = PBXBuildFile; fileRef = 00EDCFA416717D6600388D1F /* FBURLConnection.h */; settings = {ATTRIBUTES = (Public, ); }; };
		00EDCFFF16717FA200388D1F /* FBUserSettingsViewController.h in Headers */ = {isa = PBXBuildFile; fileRef = 00EDCFA616717D6600388D1F /* FBUserSettingsViewController.h */; settings = {ATTRIBUTES = (Public, ); }; };
		00EDD00016717FA200388D1F /* FBUtility.h in Headers */ = {isa = PBXBuildFile; fileRef = 00EDCFA816717D6600388D1F /* FBUtility.h */; settings = {ATTRIBUTES = (Public, ); }; };
		00EDD00116717FA200388D1F /* FBViewController.h in Headers */ = {isa = PBXBuildFile; fileRef = 00EDCFAA16717D6600388D1F /* FBViewController.h */; settings = {ATTRIBUTES = (Public, ); }; };
		00EDD00216717FA200388D1F /* FBViewController+Internal.h in Headers */ = {isa = PBXBuildFile; fileRef = 00EDCFAC16717D6600388D1F /* FBViewController+Internal.h */; settings = {ATTRIBUTES = (Public, ); }; };
/* End PBXBuildFile section */

/* Begin PBXCopyFilesBuildPhase section */
		00EDCF37167179C700388D1F /* CopyFiles */ = {
			isa = PBXCopyFilesBuildPhase;
			buildActionMask = 2147483647;
			dstPath = "include/${PRODUCT_NAME}";
			dstSubfolderSpec = 16;
			files = (
			);
			runOnlyForDeploymentPostprocessing = 0;
		};
/* End PBXCopyFilesBuildPhase section */

/* Begin PBXFileReference section */
		00EDCF39167179C700388D1F /* libFacebook.a */ = {isa = PBXFileReference; explicitFileType = archive.ar; includeInIndex = 0; path = libFacebook.a; sourceTree = BUILT_PRODUCTS_DIR; };
		00EDCF3C167179C700388D1F /* Foundation.framework */ = {isa = PBXFileReference; lastKnownFileType = wrapper.framework; name = Foundation.framework; path = System/Library/Frameworks/Foundation.framework; sourceTree = SDKROOT; };
		00EDCF40167179C700388D1F /* Facebook-Prefix.pch */ = {isa = PBXFileReference; lastKnownFileType = sourcecode.c.h; path = "Facebook-Prefix.pch"; sourceTree = "<group>"; };
		00EDCF5A16717D6600388D1F /* Facebook.h */ = {isa = PBXFileReference; fileEncoding = 4; lastKnownFileType = sourcecode.c.h; name = Facebook.h; path = src/Facebook.h; sourceTree = SOURCE_ROOT; };
		00EDCF5B16717D6600388D1F /* Facebook.m */ = {isa = PBXFileReference; fileEncoding = 4; lastKnownFileType = sourcecode.c.objc; name = Facebook.m; path = src/Facebook.m; sourceTree = SOURCE_ROOT; };
		00EDCF5C16717D6600388D1F /* FacebookSDK.h */ = {isa = PBXFileReference; fileEncoding = 4; lastKnownFileType = sourcecode.c.h; name = FacebookSDK.h; path = src/FacebookSDK.h; sourceTree = SOURCE_ROOT; };
		00EDCF5D16717D6600388D1F /* FBCacheDescriptor.h */ = {isa = PBXFileReference; fileEncoding = 4; lastKnownFileType = sourcecode.c.h; name = FBCacheDescriptor.h; path = src/FBCacheDescriptor.h; sourceTree = SOURCE_ROOT; };
		00EDCF5E16717D6600388D1F /* FBCacheDescriptor.m */ = {isa = PBXFileReference; fileEncoding = 4; lastKnownFileType = sourcecode.c.objc; name = FBCacheDescriptor.m; path = src/FBCacheDescriptor.m; sourceTree = SOURCE_ROOT; };
		00EDCF5F16717D6600388D1F /* FBCacheIndex.h */ = {isa = PBXFileReference; fileEncoding = 4; lastKnownFileType = sourcecode.c.h; name = FBCacheIndex.h; path = src/FBCacheIndex.h; sourceTree = SOURCE_ROOT; };
		00EDCF6016717D6600388D1F /* FBCacheIndex.m */ = {isa = PBXFileReference; fileEncoding = 4; lastKnownFileType = sourcecode.c.objc; name = FBCacheIndex.m; path = src/FBCacheIndex.m; sourceTree = SOURCE_ROOT; };
		00EDCF6116717D6600388D1F /* FBConnect.h */ = {isa = PBXFileReference; fileEncoding = 4; lastKnownFileType = sourcecode.c.h; name = FBConnect.h; path = src/FBConnect.h; sourceTree = SOURCE_ROOT; };
		00EDCF6216717D6600388D1F /* FBContentLink.h */ = {isa = PBXFileReference; fileEncoding = 4; lastKnownFileType = sourcecode.c.h; name = FBContentLink.h; path = src/FBContentLink.h; sourceTree = SOURCE_ROOT; };
		00EDCF6316717D6600388D1F /* FBContentLink.m */ = {isa = PBXFileReference; fileEncoding = 4; lastKnownFileType = sourcecode.c.objc; name = FBContentLink.m; path = src/FBContentLink.m; sourceTree = SOURCE_ROOT; };
		00EDCF6416717D6600388D1F /* FBDataDiskCache.h */ = {isa = PBXFileReference; fileEncoding = 4; lastKnownFileType = sourcecode.c.h; name = FBDataDiskCache.h; path = src/FBDataDiskCache.h; sourceTree = SOURCE_ROOT; };
		00EDCF6516717D6600388D1F /* FBDataDiskCache.m */ = {isa = PBXFileReference; fileEncoding = 4; lastKnownFileType = sourcecode.c.objc; name = FBDataDiskCache.m; path = src/FBDataDiskCache.m; sourceTree = SOURCE_ROOT; };
		00EDCF6616717D6600388D1F /* FBDialog.h */ = {isa = PBXFileReference; fileEncoding = 4; lastKnownFileType = sourcecode.c.h; name = FBDialog.h; path = src/FBDialog.h; sourceTree = SOURCE_ROOT; };
		00EDCF6716717D6600388D1F /* FBDialog.m */ = {isa = PBXFileReference; fileEncoding = 4; lastKnownFileType = sourcecode.c.objc; name = FBDialog.m; path = src/FBDialog.m; sourceTree = SOURCE_ROOT; };
		00EDCF6816717D6600388D1F /* FBError.h */ = {isa = PBXFileReference; fileEncoding = 4; lastKnownFileType = sourcecode.c.h; name = FBError.h; path = src/FBError.h; sourceTree = SOURCE_ROOT; };
		00EDCF6916717D6600388D1F /* FBError.m */ = {isa = PBXFileReference; fileEncoding = 4; lastKnownFileType = sourcecode.c.objc; name = FBError.m; path = src/FBError.m; sourceTree = SOURCE_ROOT; };
		00EDCF6A16717D6600388D1F /* FBFrictionlessRequestSettings.h */ = {isa = PBXFileReference; fileEncoding = 4; lastKnownFileType = sourcecode.c.h; name = FBFrictionlessRequestSettings.h; path = src/FBFrictionlessRequestSettings.h; sourceTree = SOURCE_ROOT; };
		00EDCF6B16717D6600388D1F /* FBFrictionlessRequestSettings.m */ = {isa = PBXFileReference; fileEncoding = 4; lastKnownFileType = sourcecode.c.objc; name = FBFrictionlessRequestSettings.m; path = src/FBFrictionlessRequestSettings.m; sourceTree = SOURCE_ROOT; };
		00EDCF6C16717D6600388D1F /* FBFriendPickerCacheDescriptor.h */ = {isa = PBXFileReference; fileEncoding = 4; lastKnownFileType = sourcecode.c.h; name = FBFriendPickerCacheDescriptor.h; path = src/FBFriendPickerCacheDescriptor.h; sourceTree = SOURCE_ROOT; };
		00EDCF6D16717D6600388D1F /* FBFriendPickerCacheDescriptor.m */ = {isa = PBXFileReference; fileEncoding = 4; lastKnownFileType = sourcecode.c.objc; name = FBFriendPickerCacheDescriptor.m; path = src/FBFriendPickerCacheDescriptor.m; sourceTree = SOURCE_ROOT; };
		00EDCF6E16717D6600388D1F /* FBFriendPickerViewController.h */ = {isa = PBXFileReference; fileEncoding = 4; lastKnownFileType = sourcecode.c.h; name = FBFriendPickerViewController.h; path = src/FBFriendPickerViewController.h; sourceTree = SOURCE_ROOT; };
		00EDCF6F16717D6600388D1F /* FBFriendPickerViewController.m */ = {isa = PBXFileReference; fileEncoding = 4; lastKnownFileType = sourcecode.c.objc; name = FBFriendPickerViewController.m; path = src/FBFriendPickerViewController.m; sourceTree = SOURCE_ROOT; };
		00EDCF7016717D6600388D1F /* FBFriendPickerViewController+Internal.h */ = {isa = PBXFileReference; fileEncoding = 4; lastKnownFileType = sourcecode.c.h; name = "FBFriendPickerViewController+Internal.h"; path = "src/FBFriendPickerViewController+Internal.h"; sourceTree = SOURCE_ROOT; };
		00EDCF7116717D6600388D1F /* FBGraphLocation.h */ = {isa = PBXFileReference; fileEncoding = 4; lastKnownFileType = sourcecode.c.h; name = FBGraphLocation.h; path = src/FBGraphLocation.h; sourceTree = SOURCE_ROOT; };
		00EDCF7216717D6600388D1F /* FBGraphObject.h */ = {isa = PBXFileReference; fileEncoding = 4; lastKnownFileType = sourcecode.c.h; name = FBGraphObject.h; path = src/FBGraphObject.h; sourceTree = SOURCE_ROOT; };
		00EDCF7316717D6600388D1F /* FBGraphObject.m */ = {isa = PBXFileReference; fileEncoding = 4; lastKnownFileType = sourcecode.c.objc; name = FBGraphObject.m; path = src/FBGraphObject.m; sourceTree = SOURCE_ROOT; };
		00EDCF7416717D6600388D1F /* FBGraphObjectPagingLoader.h */ = {isa = PBXFileReference; fileEncoding = 4; lastKnownFileType = sourcecode.c.h; name = FBGraphObjectPagingLoader.h; path = src/FBGraphObjectPagingLoader.h; sourceTree = SOURCE_ROOT; };
		00EDCF7516717D6600388D1F /* FBGraphObjectPagingLoader.m */ = {isa = PBXFileReference; fileEncoding = 4; lastKnownFileType = sourcecode.c.objc; name = FBGraphObjectPagingLoader.m; path = src/FBGraphObjectPagingLoader.m; sourceTree = SOURCE_ROOT; };
		00EDCF7616717D6600388D1F /* FBGraphObjectTableCell.h */ = {isa = PBXFileReference; fileEncoding = 4; lastKnownFileType = sourcecode.c.h; name = FBGraphObjectTableCell.h; path = src/FBGraphObjectTableCell.h; sourceTree = SOURCE_ROOT; };
		00EDCF7716717D6600388D1F /* FBGraphObjectTableCell.m */ = {isa = PBXFileReference; fileEncoding = 4; lastKnownFileType = sourcecode.c.objc; name = FBGraphObjectTableCell.m; path = src/FBGraphObjectTableCell.m; sourceTree = SOURCE_ROOT; };
		00EDCF7816717D6600388D1F /* FBGraphObjectTableDataSource.h */ = {isa = PBXFileReference; fileEncoding = 4; lastKnownFileType = sourcecode.c.h; name = FBGraphObjectTableDataSource.h; path = src/FBGraphObjectTableDataSource.h; sourceTree = SOURCE_ROOT; };
		00EDCF7916717D6600388D1F /* FBGraphObjectTableDataSource.m */ = {isa = PBXFileReference; fileEncoding = 4; lastKnownFileType = sourcecode.c.objc; name = FBGraphObjectTableDataSource.m; path = src/FBGraphObjectTableDataSource.m; sourceTree = SOURCE_ROOT; };
		00EDCF7A16717D6600388D1F /* FBGraphObjectTableSelection.h */ = {isa = PBXFileReference; fileEncoding = 4; lastKnownFileType = sourcecode.c.h; name = FBGraphObjectTableSelection.h; path = src/FBGraphObjectTableSelection.h; sourceTree = SOURCE_ROOT; };
		00EDCF7B16717D6600388D1F /* FBGraphObjectTableSelection.m */ = {isa = PBXFileReference; fileEncoding = 4; lastKnownFileType = sourcecode.c.objc; name = FBGraphObjectTableSelection.m; path = src/FBGraphObjectTableSelection.m; sourceTree = SOURCE_ROOT; };
		00EDCF7C16717D6600388D1F /* FBGraphPlace.h */ = {isa = PBXFileReference; fileEncoding = 4; lastKnownFileType = sourcecode.c.h; name = FBGraphPlace.h; path = src/FBGraphPlace.h; sourceTree = SOURCE_ROOT; };
		00EDCF7D16717D6600388D1F /* FBGraphUser.h */ = {isa = PBXFileReference; fileEncoding = 4; lastKnownFileType = sourcecode.c.h; name = FBGraphUser.h; path = src/FBGraphUser.h; sourceTree = SOURCE_ROOT; };
		00EDCF7E16717D6600388D1F /* FBLogger.h */ = {isa = PBXFileReference; fileEncoding = 4; lastKnownFileType = sourcecode.c.h; name = FBLogger.h; path = src/FBLogger.h; sourceTree = SOURCE_ROOT; };
		00EDCF7F16717D6600388D1F /* FBLogger.m */ = {isa = PBXFileReference; fileEncoding = 4; lastKnownFileType = sourcecode.c.objc; name = FBLogger.m; path = src/FBLogger.m; sourceTree = SOURCE_ROOT; };
		00EDCF8016717D6600388D1F /* FBLoginDialog.h */ = {isa = PBXFileReference; fileEncoding = 4; lastKnownFileType = sourcecode.c.h; name = FBLoginDialog.h; path = src/FBLoginDialog.h; sourceTree = SOURCE_ROOT; };
		00EDCF8116717D6600388D1F /* FBLoginDialog.m */ = {isa = PBXFileReference; fileEncoding = 4; lastKnownFileType = sourcecode.c.objc; name = FBLoginDialog.m; path = src/FBLoginDialog.m; sourceTree = SOURCE_ROOT; };
		00EDCF8216717D6600388D1F /* FBLoginView.h */ = {isa = PBXFileReference; fileEncoding = 4; lastKnownFileType = sourcecode.c.h; name = FBLoginView.h; path = src/FBLoginView.h; sourceTree = SOURCE_ROOT; };
		00EDCF8316717D6600388D1F /* FBLoginView.m */ = {isa = PBXFileReference; fileEncoding = 4; lastKnownFileType = sourcecode.c.objc; name = FBLoginView.m; path = src/FBLoginView.m; sourceTree = SOURCE_ROOT; };
		00EDCF8416717D6600388D1F /* FBNativeDialogs.h */ = {isa = PBXFileReference; fileEncoding = 4; lastKnownFileType = sourcecode.c.h; name = FBNativeDialogs.h; path = src/FBNativeDialogs.h; sourceTree = SOURCE_ROOT; };
		00EDCF8516717D6600388D1F /* FBNativeDialogs.m */ = {isa = PBXFileReference; fileEncoding = 4; lastKnownFileType = sourcecode.c.objc; name = FBNativeDialogs.m; path = src/FBNativeDialogs.m; sourceTree = SOURCE_ROOT; };
		00EDCF8616717D6600388D1F /* FBOpenGraphAction.h */ = {isa = PBXFileReference; fileEncoding = 4; lastKnownFileType = sourcecode.c.h; name = FBOpenGraphAction.h; path = src/FBOpenGraphAction.h; sourceTree = SOURCE_ROOT; };
		00EDCF8716717D6600388D1F /* FBPlacePickerCacheDescriptor.h */ = {isa = PBXFileReference; fileEncoding = 4; lastKnownFileType = sourcecode.c.h; name = FBPlacePickerCacheDescriptor.h; path = src/FBPlacePickerCacheDescriptor.h; sourceTree = SOURCE_ROOT; };
		00EDCF8816717D6600388D1F /* FBPlacePickerCacheDescriptor.m */ = {isa = PBXFileReference; fileEncoding = 4; lastKnownFileType = sourcecode.c.objc; name = FBPlacePickerCacheDescriptor.m; path = src/FBPlacePickerCacheDescriptor.m; sourceTree = SOURCE_ROOT; };
		00EDCF8916717D6600388D1F /* FBPlacePickerViewController.h */ = {isa = PBXFileReference; fileEncoding = 4; lastKnownFileType = sourcecode.c.h; name = FBPlacePickerViewController.h; path = src/FBPlacePickerViewController.h; sourceTree = SOURCE_ROOT; };
		00EDCF8A16717D6600388D1F /* FBPlacePickerViewController.m */ = {isa = PBXFileReference; fileEncoding = 4; lastKnownFileType = sourcecode.c.objc; name = FBPlacePickerViewController.m; path = src/FBPlacePickerViewController.m; sourceTree = SOURCE_ROOT; };
		00EDCF8B16717D6600388D1F /* FBPlacePickerViewController+Internal.h */ = {isa = PBXFileReference; fileEncoding = 4; lastKnownFileType = sourcecode.c.h; name = "FBPlacePickerViewController+Internal.h"; path = "src/FBPlacePickerViewController+Internal.h"; sourceTree = SOURCE_ROOT; };
		00EDCF8C16717D6600388D1F /* FBProfilePictureView.h */ = {isa = PBXFileReference; fileEncoding = 4; lastKnownFileType = sourcecode.c.h; name = FBProfilePictureView.h; path = src/FBProfilePictureView.h; sourceTree = SOURCE_ROOT; };
		00EDCF8D16717D6600388D1F /* FBProfilePictureView.m */ = {isa = PBXFileReference; fileEncoding = 4; lastKnownFileType = sourcecode.c.objc; name = FBProfilePictureView.m; path = src/FBProfilePictureView.m; sourceTree = SOURCE_ROOT; };
		00EDCF8E16717D6600388D1F /* FBRequest.h */ = {isa = PBXFileReference; fileEncoding = 4; lastKnownFileType = sourcecode.c.h; name = FBRequest.h; path = src/FBRequest.h; sourceTree = SOURCE_ROOT; };
		00EDCF8F16717D6600388D1F /* FBRequest.m */ = {isa = PBXFileReference; fileEncoding = 4; lastKnownFileType = sourcecode.c.objc; name = FBRequest.m; path = src/FBRequest.m; sourceTree = SOURCE_ROOT; };
		00EDCF9016717D6600388D1F /* FBRequestBody.h */ = {isa = PBXFileReference; fileEncoding = 4; lastKnownFileType = sourcecode.c.h; name = FBRequestBody.h; path = src/FBRequestBody.h; sourceTree = SOURCE_ROOT; };
		00EDCF9116717D6600388D1F /* FBRequestBody.m */ = {isa = PBXFileReference; fileEncoding = 4; lastKnownFileType = sourcecode.c.objc; name = FBRequestBody.m; path = src/FBRequestBody.m; sourceTree = SOURCE_ROOT; };
		00EDCF9216717D6600388D1F /* FBRequestConnection.h */ = {isa = PBXFileReference; fileEncoding = 4; lastKnownFileType = sourcecode.c.h; name = FBRequestConnection.h; path = src/FBRequestConnection.h; sourceTree = SOURCE_ROOT; };
		00EDCF9316717D6600388D1F /* FBRequestConnection.m */ = {isa = PBXFileReference; fileEncoding = 4; lastKnownFileType = sourcecode.c.objc; name = FBRequestConnection.m; path = src/FBRequestConnection.m; sourceTree = SOURCE_ROOT; };
		00EDCF9416717D6600388D1F /* FBRequestConnection+Internal.h */ = {isa = PBXFileReference; fileEncoding = 4; lastKnownFileType = sourcecode.c.h; name = "FBRequestConnection+Internal.h"; path = "src/FBRequestConnection+Internal.h"; sourceTree = SOURCE_ROOT; };
		00EDCF9516717D6600388D1F /* FBSDKVersion.h */ = {isa = PBXFileReference; fileEncoding = 4; lastKnownFileType = sourcecode.c.h; name = FBSDKVersion.h; path = src/FBSDKVersion.h; sourceTree = SOURCE_ROOT; };
		00EDCF9616717D6600388D1F /* FBSession.h */ = {isa = PBXFileReference; fileEncoding = 4; lastKnownFileType = sourcecode.c.h; name = FBSession.h; path = src/FBSession.h; sourceTree = SOURCE_ROOT; };
		00EDCF9716717D6600388D1F /* FBSession.m */ = {isa = PBXFileReference; fileEncoding = 4; lastKnownFileType = sourcecode.c.objc; name = FBSession.m; path = src/FBSession.m; sourceTree = SOURCE_ROOT; };
		00EDCF9816717D6600388D1F /* FBSession+Internal.h */ = {isa = PBXFileReference; fileEncoding = 4; lastKnownFileType = sourcecode.c.h; name = "FBSession+Internal.h"; path = "src/FBSession+Internal.h"; sourceTree = SOURCE_ROOT; };
		00EDCF9916717D6600388D1F /* FBSession+Protected.h */ = {isa = PBXFileReference; fileEncoding = 4; lastKnownFileType = sourcecode.c.h; name = "FBSession+Protected.h"; path = "src/FBSession+Protected.h"; sourceTree = SOURCE_ROOT; };
		00EDCF9A16717D6600388D1F /* FBSessionManualTokenCachingStrategy.h */ = {isa = PBXFileReference; fileEncoding = 4; lastKnownFileType = sourcecode.c.h; name = FBSessionManualTokenCachingStrategy.h; path = src/FBSessionManualTokenCachingStrategy.h; sourceTree = SOURCE_ROOT; };
		00EDCF9B16717D6600388D1F /* FBSessionManualTokenCachingStrategy.m */ = {isa = PBXFileReference; fileEncoding = 4; lastKnownFileType = sourcecode.c.objc; name = FBSessionManualTokenCachingStrategy.m; path = src/FBSessionManualTokenCachingStrategy.m; sourceTree = SOURCE_ROOT; };
		00EDCF9C16717D6600388D1F /* FBSessionTokenCachingStrategy.h */ = {isa = PBXFileReference; fileEncoding = 4; lastKnownFileType = sourcecode.c.h; name = FBSessionTokenCachingStrategy.h; path = src/FBSessionTokenCachingStrategy.h; sourceTree = SOURCE_ROOT; };
		00EDCF9D16717D6600388D1F /* FBSessionTokenCachingStrategy.m */ = {isa = PBXFileReference; fileEncoding = 4; lastKnownFileType = sourcecode.c.objc; name = FBSessionTokenCachingStrategy.m; path = src/FBSessionTokenCachingStrategy.m; sourceTree = SOURCE_ROOT; };
		00EDCF9E16717D6600388D1F /* FBSettings.h */ = {isa = PBXFileReference; fileEncoding = 4; lastKnownFileType = sourcecode.c.h; name = FBSettings.h; path = src/FBSettings.h; sourceTree = SOURCE_ROOT; };
		00EDCF9F16717D6600388D1F /* FBSettings.m */ = {isa = PBXFileReference; fileEncoding = 4; lastKnownFileType = sourcecode.c.objc; name = FBSettings.m; path = src/FBSettings.m; sourceTree = SOURCE_ROOT; };
		00EDCFA016717D6600388D1F /* FBSettings+Internal.h */ = {isa = PBXFileReference; fileEncoding = 4; lastKnownFileType = sourcecode.c.h; name = "FBSettings+Internal.h"; path = "src/FBSettings+Internal.h"; sourceTree = SOURCE_ROOT; };
		00EDCFA116717D6600388D1F /* FBTestSession.h */ = {isa = PBXFileReference; fileEncoding = 4; lastKnownFileType = sourcecode.c.h; name = FBTestSession.h; path = src/FBTestSession.h; sourceTree = SOURCE_ROOT; };
		00EDCFA216717D6600388D1F /* FBTestSession.m */ = {isa = PBXFileReference; fileEncoding = 4; lastKnownFileType = sourcecode.c.objc; name = FBTestSession.m; path = src/FBTestSession.m; sourceTree = SOURCE_ROOT; };
		00EDCFA316717D6600388D1F /* FBTestSession+Internal.h */ = {isa = PBXFileReference; fileEncoding = 4; lastKnownFileType = sourcecode.c.h; name = "FBTestSession+Internal.h"; path = "src/FBTestSession+Internal.h"; sourceTree = SOURCE_ROOT; };
		00EDCFA416717D6600388D1F /* FBURLConnection.h */ = {isa = PBXFileReference; fileEncoding = 4; lastKnownFileType = sourcecode.c.h; name = FBURLConnection.h; path = src/FBURLConnection.h; sourceTree = SOURCE_ROOT; };
		00EDCFA516717D6600388D1F /* FBURLConnection.m */ = {isa = PBXFileReference; fileEncoding = 4; lastKnownFileType = sourcecode.c.objc; name = FBURLConnection.m; path = src/FBURLConnection.m; sourceTree = SOURCE_ROOT; };
		00EDCFA616717D6600388D1F /* FBUserSettingsViewController.h */ = {isa = PBXFileReference; fileEncoding = 4; lastKnownFileType = sourcecode.c.h; name = FBUserSettingsViewController.h; path = src/FBUserSettingsViewController.h; sourceTree = SOURCE_ROOT; };
		00EDCFA716717D6600388D1F /* FBUserSettingsViewController.m */ = {isa = PBXFileReference; fileEncoding = 4; lastKnownFileType = sourcecode.c.objc; name = FBUserSettingsViewController.m; path = src/FBUserSettingsViewController.m; sourceTree = SOURCE_ROOT; };
		00EDCFA816717D6600388D1F /* FBUtility.h */ = {isa = PBXFileReference; fileEncoding = 4; lastKnownFileType = sourcecode.c.h; name = FBUtility.h; path = src/FBUtility.h; sourceTree = SOURCE_ROOT; };
		00EDCFA916717D6600388D1F /* FBUtility.m */ = {isa = PBXFileReference; fileEncoding = 4; lastKnownFileType = sourcecode.c.objc; name = FBUtility.m; path = src/FBUtility.m; sourceTree = SOURCE_ROOT; };
		00EDCFAA16717D6600388D1F /* FBViewController.h */ = {isa = PBXFileReference; fileEncoding = 4; lastKnownFileType = sourcecode.c.h; name = FBViewController.h; path = src/FBViewController.h; sourceTree = SOURCE_ROOT; };
		00EDCFAB16717D6600388D1F /* FBViewController.m */ = {isa = PBXFileReference; fileEncoding = 4; lastKnownFileType = sourcecode.c.objc; name = FBViewController.m; path = src/FBViewController.m; sourceTree = SOURCE_ROOT; };
		00EDCFAC16717D6600388D1F /* FBViewController+Internal.h */ = {isa = PBXFileReference; fileEncoding = 4; lastKnownFileType = sourcecode.c.h; name = "FBViewController+Internal.h"; path = "src/FBViewController+Internal.h"; sourceTree = SOURCE_ROOT; };
		00EDCFCF16717DAC00388D1F /* FacebookSDKResources.bundle */ = {isa = PBXFileReference; lastKnownFileType = "wrapper.plug-in"; name = FacebookSDKResources.bundle; path = src/FacebookSDKResources.bundle; sourceTree = SOURCE_ROOT; };
		00EDCFD016717DB800388D1F /* FBUserSettingsViewResources.bundle */ = {isa = PBXFileReference; lastKnownFileType = "wrapper.plug-in"; name = FBUserSettingsViewResources.bundle; path = src/FBUserSettingsViewResources.bundle; sourceTree = SOURCE_ROOT; };
		00EDD014167182F300388D1F /* Facebook.podspec */ = {isa = PBXFileReference; fileEncoding = 4; lastKnownFileType = text; path = Facebook.podspec; sourceTree = "<group>"; };
		00EDD015167182F300388D1F /* Rakefile */ = {isa = PBXFileReference; fileEncoding = 4; lastKnownFileType = text; path = Rakefile; sourceTree = "<group>"; };
		00EDD016167182F300388D1F /* rpom.xml */ = {isa = PBXFileReference; fileEncoding = 4; lastKnownFileType = text.xml; path = rpom.xml; sourceTree = "<group>"; };
/* End PBXFileReference section */

/* Begin PBXFrameworksBuildPhase section */
		00EDCF36167179C700388D1F /* Frameworks */ = {
			isa = PBXFrameworksBuildPhase;
			buildActionMask = 2147483647;
			files = (
				00EDCF3D167179C700388D1F /* Foundation.framework in Frameworks */,
			);
			runOnlyForDeploymentPostprocessing = 0;
		};
/* End PBXFrameworksBuildPhase section */

/* Begin PBXGroup section */
		00EDCF2E167179C700388D1F = {
			isa = PBXGroup;
			children = (
				00EDD014167182F300388D1F /* Facebook.podspec */,
				00EDD015167182F300388D1F /* Rakefile */,
				00EDD016167182F300388D1F /* rpom.xml */,
				00EDCF3E167179C700388D1F /* Facebook */,
				00EDCF3B167179C700388D1F /* Frameworks */,
				00EDCF3A167179C700388D1F /* Products */,
			);
			sourceTree = "<group>";
		};
		00EDCF3A167179C700388D1F /* Products */ = {
			isa = PBXGroup;
			children = (
				00EDCF39167179C700388D1F /* libFacebook.a */,
			);
			name = Products;
			sourceTree = "<group>";
		};
		00EDCF3B167179C700388D1F /* Frameworks */ = {
			isa = PBXGroup;
			children = (
				00EDCF3C167179C700388D1F /* Foundation.framework */,
			);
			name = Frameworks;
			sourceTree = "<group>";
		};
		00EDCF3E167179C700388D1F /* Facebook */ = {
			isa = PBXGroup;
			children = (
				00EDCF5916717D4300388D1F /* src */,
				00EDCF3F167179C700388D1F /* Supporting Files */,
			);
			path = Facebook;
			sourceTree = "<group>";
		};
		00EDCF3F167179C700388D1F /* Supporting Files */ = {
			isa = PBXGroup;
			children = (
				00EDCF40167179C700388D1F /* Facebook-Prefix.pch */,
			);
			name = "Supporting Files";
			sourceTree = "<group>";
		};
		00EDCF5916717D4300388D1F /* src */ = {
			isa = PBXGroup;
			children = (
				00EDCF5A16717D6600388D1F /* Facebook.h */,
				00EDCF5B16717D6600388D1F /* Facebook.m */,
				00EDCF5C16717D6600388D1F /* FacebookSDK.h */,
				00EDCF5D16717D6600388D1F /* FBCacheDescriptor.h */,
				00EDCF5E16717D6600388D1F /* FBCacheDescriptor.m */,
				00EDCF5F16717D6600388D1F /* FBCacheIndex.h */,
				00EDCF6016717D6600388D1F /* FBCacheIndex.m */,
				00EDCF6116717D6600388D1F /* FBConnect.h */,
				00EDCF6216717D6600388D1F /* FBContentLink.h */,
				00EDCF6316717D6600388D1F /* FBContentLink.m */,
				00EDCF6416717D6600388D1F /* FBDataDiskCache.h */,
				00EDCF6516717D6600388D1F /* FBDataDiskCache.m */,
				00EDCF6616717D6600388D1F /* FBDialog.h */,
				00EDCF6716717D6600388D1F /* FBDialog.m */,
				00EDCF6816717D6600388D1F /* FBError.h */,
				00EDCF6916717D6600388D1F /* FBError.m */,
				00EDCF6A16717D6600388D1F /* FBFrictionlessRequestSettings.h */,
				00EDCF6B16717D6600388D1F /* FBFrictionlessRequestSettings.m */,
				00EDCF6C16717D6600388D1F /* FBFriendPickerCacheDescriptor.h */,
				00EDCF6D16717D6600388D1F /* FBFriendPickerCacheDescriptor.m */,
				00EDCF6E16717D6600388D1F /* FBFriendPickerViewController.h */,
				00EDCF6F16717D6600388D1F /* FBFriendPickerViewController.m */,
				00EDCF7016717D6600388D1F /* FBFriendPickerViewController+Internal.h */,
				00EDCF7116717D6600388D1F /* FBGraphLocation.h */,
				00EDCF7216717D6600388D1F /* FBGraphObject.h */,
				00EDCF7316717D6600388D1F /* FBGraphObject.m */,
				00EDCF7416717D6600388D1F /* FBGraphObjectPagingLoader.h */,
				00EDCF7516717D6600388D1F /* FBGraphObjectPagingLoader.m */,
				00EDCF7616717D6600388D1F /* FBGraphObjectTableCell.h */,
				00EDCF7716717D6600388D1F /* FBGraphObjectTableCell.m */,
				00EDCF7816717D6600388D1F /* FBGraphObjectTableDataSource.h */,
				00EDCF7916717D6600388D1F /* FBGraphObjectTableDataSource.m */,
				00EDCF7A16717D6600388D1F /* FBGraphObjectTableSelection.h */,
				00EDCF7B16717D6600388D1F /* FBGraphObjectTableSelection.m */,
				00EDCF7C16717D6600388D1F /* FBGraphPlace.h */,
				00EDCF7D16717D6600388D1F /* FBGraphUser.h */,
				00EDCF7E16717D6600388D1F /* FBLogger.h */,
				00EDCF7F16717D6600388D1F /* FBLogger.m */,
				00EDCF8016717D6600388D1F /* FBLoginDialog.h */,
				00EDCF8116717D6600388D1F /* FBLoginDialog.m */,
				00EDCF8216717D6600388D1F /* FBLoginView.h */,
				00EDCF8316717D6600388D1F /* FBLoginView.m */,
				00EDCF8416717D6600388D1F /* FBNativeDialogs.h */,
				00EDCF8516717D6600388D1F /* FBNativeDialogs.m */,
				00EDCF8616717D6600388D1F /* FBOpenGraphAction.h */,
				00EDCF8716717D6600388D1F /* FBPlacePickerCacheDescriptor.h */,
				00EDCF8816717D6600388D1F /* FBPlacePickerCacheDescriptor.m */,
				00EDCF8916717D6600388D1F /* FBPlacePickerViewController.h */,
				00EDCF8A16717D6600388D1F /* FBPlacePickerViewController.m */,
				00EDCF8B16717D6600388D1F /* FBPlacePickerViewController+Internal.h */,
				00EDCF8C16717D6600388D1F /* FBProfilePictureView.h */,
				00EDCF8D16717D6600388D1F /* FBProfilePictureView.m */,
				00EDCF8E16717D6600388D1F /* FBRequest.h */,
				00EDCF8F16717D6600388D1F /* FBRequest.m */,
				00EDCF9016717D6600388D1F /* FBRequestBody.h */,
				00EDCF9116717D6600388D1F /* FBRequestBody.m */,
				00EDCF9216717D6600388D1F /* FBRequestConnection.h */,
				00EDCF9316717D6600388D1F /* FBRequestConnection.m */,
				00EDCF9416717D6600388D1F /* FBRequestConnection+Internal.h */,
				00EDCF9516717D6600388D1F /* FBSDKVersion.h */,
				00EDCF9616717D6600388D1F /* FBSession.h */,
				00EDCF9716717D6600388D1F /* FBSession.m */,
				00EDCF9816717D6600388D1F /* FBSession+Internal.h */,
				00EDCF9916717D6600388D1F /* FBSession+Protected.h */,
				00EDCF9A16717D6600388D1F /* FBSessionManualTokenCachingStrategy.h */,
				00EDCF9B16717D6600388D1F /* FBSessionManualTokenCachingStrategy.m */,
				00EDCF9C16717D6600388D1F /* FBSessionTokenCachingStrategy.h */,
				00EDCF9D16717D6600388D1F /* FBSessionTokenCachingStrategy.m */,
				00EDCF9E16717D6600388D1F /* FBSettings.h */,
				00EDCF9F16717D6600388D1F /* FBSettings.m */,
				00EDCFA016717D6600388D1F /* FBSettings+Internal.h */,
				00EDCFA116717D6600388D1F /* FBTestSession.h */,
				00EDCFA216717D6600388D1F /* FBTestSession.m */,
				00EDCFA316717D6600388D1F /* FBTestSession+Internal.h */,
				00EDCFA416717D6600388D1F /* FBURLConnection.h */,
				00EDCFA516717D6600388D1F /* FBURLConnection.m */,
				00EDCFA616717D6600388D1F /* FBUserSettingsViewController.h */,
				00EDCFA716717D6600388D1F /* FBUserSettingsViewController.m */,
				00EDCFA816717D6600388D1F /* FBUtility.h */,
				00EDCFA916717D6600388D1F /* FBUtility.m */,
				00EDCFAA16717D6600388D1F /* FBViewController.h */,
				00EDCFAB16717D6600388D1F /* FBViewController.m */,
				00EDCFAC16717D6600388D1F /* FBViewController+Internal.h */,
				00EDCFD016717DB800388D1F /* FBUserSettingsViewResources.bundle */,
				00EDCFCF16717DAC00388D1F /* FacebookSDKResources.bundle */,
			);
			name = src;
			sourceTree = "<group>";
		};
/* End PBXGroup section */

/* Begin PBXHeadersBuildPhase section */
		00EDCFD116717F3C00388D1F /* Headers */ = {
			isa = PBXHeadersBuildPhase;
			buildActionMask = 2147483647;
			files = (
				00EDCFD216717FA200388D1F /* Facebook.h in Headers */,
				00EDCFD316717FA200388D1F /* FacebookSDK.h in Headers */,
				00EDCFD416717FA200388D1F /* FBCacheDescriptor.h in Headers */,
				00EDCFD516717FA200388D1F /* FBCacheIndex.h in Headers */,
				00EDCFD616717FA200388D1F /* FBConnect.h in Headers */,
				00EDCFD716717FA200388D1F /* FBContentLink.h in Headers */,
				00EDCFD816717FA200388D1F /* FBDataDiskCache.h in Headers */,
				00EDCFD916717FA200388D1F /* FBDialog.h in Headers */,
				00EDCFDA16717FA200388D1F /* FBError.h in Headers */,
				00EDCFDB16717FA200388D1F /* FBFrictionlessRequestSettings.h in Headers */,
				00EDCFDC16717FA200388D1F /* FBFriendPickerCacheDescriptor.h in Headers */,
				00EDCFDD16717FA200388D1F /* FBFriendPickerViewController.h in Headers */,
				00EDCFDE16717FA200388D1F /* FBFriendPickerViewController+Internal.h in Headers */,
				00EDCFDF16717FA200388D1F /* FBGraphLocation.h in Headers */,
				00EDCFE016717FA200388D1F /* FBGraphObject.h in Headers */,
				00EDCFE116717FA200388D1F /* FBGraphObjectPagingLoader.h in Headers */,
				00EDCFE216717FA200388D1F /* FBGraphObjectTableCell.h in Headers */,
				00EDCFE316717FA200388D1F /* FBGraphObjectTableDataSource.h in Headers */,
				00EDCFE416717FA200388D1F /* FBGraphObjectTableSelection.h in Headers */,
				00EDCFE516717FA200388D1F /* FBGraphPlace.h in Headers */,
				00EDCFE616717FA200388D1F /* FBGraphUser.h in Headers */,
				00EDCFE716717FA200388D1F /* FBLogger.h in Headers */,
				00EDCFE816717FA200388D1F /* FBLoginDialog.h in Headers */,
				00EDCFE916717FA200388D1F /* FBLoginView.h in Headers */,
				00EDCFEA16717FA200388D1F /* FBNativeDialogs.h in Headers */,
				00EDCFEB16717FA200388D1F /* FBOpenGraphAction.h in Headers */,
				00EDCFEC16717FA200388D1F /* FBPlacePickerCacheDescriptor.h in Headers */,
				00EDCFED16717FA200388D1F /* FBPlacePickerViewController.h in Headers */,
				00EDCFEE16717FA200388D1F /* FBPlacePickerViewController+Internal.h in Headers */,
				00EDCFEF16717FA200388D1F /* FBProfilePictureView.h in Headers */,
				00EDCFF016717FA200388D1F /* FBRequest.h in Headers */,
				00EDCFF116717FA200388D1F /* FBRequestBody.h in Headers */,
				00EDCFF216717FA200388D1F /* FBRequestConnection.h in Headers */,
				00EDCFF316717FA200388D1F /* FBRequestConnection+Internal.h in Headers */,
				00EDCFF416717FA200388D1F /* FBSDKVersion.h in Headers */,
				00EDCFF516717FA200388D1F /* FBSession.h in Headers */,
				00EDCFF616717FA200388D1F /* FBSession+Internal.h in Headers */,
				00EDCFF716717FA200388D1F /* FBSession+Protected.h in Headers */,
				00EDCFF816717FA200388D1F /* FBSessionManualTokenCachingStrategy.h in Headers */,
				00EDCFF916717FA200388D1F /* FBSessionTokenCachingStrategy.h in Headers */,
				00EDCFFA16717FA200388D1F /* FBSettings.h in Headers */,
				00EDCFFB16717FA200388D1F /* FBSettings+Internal.h in Headers */,
				00EDCFFC16717FA200388D1F /* FBTestSession.h in Headers */,
				00EDCFFD16717FA200388D1F /* FBTestSession+Internal.h in Headers */,
				00EDCFFE16717FA200388D1F /* FBURLConnection.h in Headers */,
				00EDCFFF16717FA200388D1F /* FBUserSettingsViewController.h in Headers */,
				00EDD00016717FA200388D1F /* FBUtility.h in Headers */,
				00EDD00116717FA200388D1F /* FBViewController.h in Headers */,
				00EDD00216717FA200388D1F /* FBViewController+Internal.h in Headers */,
			);
			runOnlyForDeploymentPostprocessing = 0;
		};
/* End PBXHeadersBuildPhase section */

/* Begin PBXLegacyTarget section */
		00EDD0101671823D00388D1F /* Facebook-Rake */ = {
			isa = PBXLegacyTarget;
			buildArgumentsString = "build[${CONFIGURATION}] install";
			buildConfigurationList = 00EDD0111671823D00388D1F /* Build configuration list for PBXLegacyTarget "Facebook-Rake" */;
			buildPhases = (
			);
			buildToolPath = /usr/bin/rake;
			buildWorkingDirectory = "${PROJECT_ROOT}";
			dependencies = (
			);
			name = "Facebook-Rake";
			passBuildSettingsInEnvironment = 1;
			productName = "Facebook-Rake";
		};
/* End PBXLegacyTarget section */

/* Begin PBXNativeTarget section */
		00EDCF38167179C700388D1F /* Facebook */ = {
			isa = PBXNativeTarget;
			buildConfigurationList = 00EDCF47167179C700388D1F /* Build configuration list for PBXNativeTarget "Facebook" */;
			buildPhases = (
				00EDCF35167179C700388D1F /* Sources */,
				00EDCF36167179C700388D1F /* Frameworks */,
				00EDCF37167179C700388D1F /* CopyFiles */,
				00EDCFD116717F3C00388D1F /* Headers */,
			);
			buildRules = (
			);
			dependencies = (
			);
			name = Facebook;
			productName = Facebook;
			productReference = 00EDCF39167179C700388D1F /* libFacebook.a */;
			productType = "com.apple.product-type.library.static";
		};
/* End PBXNativeTarget section */

/* Begin PBXProject section */
		00EDCF30167179C700388D1F /* Project object */ = {
			isa = PBXProject;
			attributes = {
				LastUpgradeCheck = 0450;
				ORGANIZATIONNAME = eHarmony;
			};
			buildConfigurationList = 00EDCF33167179C700388D1F /* Build configuration list for PBXProject "Facebook" */;
			compatibilityVersion = "Xcode 3.2";
			developmentRegion = English;
			hasScannedForEncodings = 0;
			knownRegions = (
				en,
			);
			mainGroup = 00EDCF2E167179C700388D1F;
			productRefGroup = 00EDCF3A167179C700388D1F /* Products */;
			projectDirPath = "";
			projectRoot = "";
			targets = (
				00EDCF38167179C700388D1F /* Facebook */,
				00EDD00B167181E000388D1F /* Facebook-Universal */,
				00EDD0101671823D00388D1F /* Facebook-Rake */,
			);
		};
/* End PBXProject section */

/* Begin PBXShellScriptBuildPhase section */
		00EDD00F167181ED00388D1F /* ShellScript */ = {
			isa = PBXShellScriptBuildPhase;
			buildActionMask = 2147483647;
			files = (
			);
			inputPaths = (
			);
			outputPaths = (
			);
			runOnlyForDeploymentPostprocessing = 0;
			shellPath = /bin/sh;
			shellScript = "xcodebuild -target Facebook -sdk iphoneos -configuration ${CONFIGURATION} BUILD_DIR=${BUILD_DIR}\nxcodebuild -target Facebook -sdk iphonesimulator -configuration ${CONFIGURATION} BUILD_DIR=${BUILD_DIR}\n\nrm -rf ${BUILD_DIR}/Universal\nmkdir ${BUILD_DIR}/Universal\ncp -R ${BUILD_DIR}/${CONFIGURATION}-iphoneos/Facebook/ ${BUILD_DIR}/Universal/Facebook/\nlipo -create ${BUILD_DIR}/${CONFIGURATION}-iphoneos/libFacebook.a ${BUILD_DIR}/${CONFIGURATION}-iphonesimulator/libFacebook.a -output ${BUILD_DIR}/Universal/libFacebook.a\n\ncp -R ${SOURCE_ROOT}/src/FacebookSDKResources.bundle ${BUILD_DIR}/Universal\ncp -R ${SOURCE_ROOT}/src/FBUserSettingsViewResources.bundle ${BUILD_DIR}/Universal";
		};
/* End PBXShellScriptBuildPhase section */

/* Begin PBXSourcesBuildPhase section */
		00EDCF35167179C700388D1F /* Sources */ = {
			isa = PBXSourcesBuildPhase;
			buildActionMask = 2147483647;
			files = (
				00EDCFAD16717D6600388D1F /* Facebook.m in Sources */,
				00EDCFAE16717D6600388D1F /* FBCacheDescriptor.m in Sources */,
				00EDCFAF16717D6600388D1F /* FBCacheIndex.m in Sources */,
				00EDCFB016717D6600388D1F /* FBContentLink.m in Sources */,
				00EDCFB116717D6600388D1F /* FBDataDiskCache.m in Sources */,
				00EDCFB216717D6600388D1F /* FBDialog.m in Sources */,
				00EDCFB316717D6600388D1F /* FBError.m in Sources */,
				00EDCFB416717D6600388D1F /* FBFrictionlessRequestSettings.m in Sources */,
				00EDCFB516717D6600388D1F /* FBFriendPickerCacheDescriptor.m in Sources */,
				00EDCFB616717D6600388D1F /* FBFriendPickerViewController.m in Sources */,
				00EDCFB716717D6600388D1F /* FBGraphObject.m in Sources */,
				00EDCFB816717D6600388D1F /* FBGraphObjectPagingLoader.m in Sources */,
				00EDCFB916717D6600388D1F /* FBGraphObjectTableCell.m in Sources */,
				00EDCFBA16717D6600388D1F /* FBGraphObjectTableDataSource.m in Sources */,
				00EDCFBB16717D6600388D1F /* FBGraphObjectTableSelection.m in Sources */,
				00EDCFBC16717D6600388D1F /* FBLogger.m in Sources */,
				00EDCFBD16717D6600388D1F /* FBLoginDialog.m in Sources */,
				00EDCFBE16717D6600388D1F /* FBLoginView.m in Sources */,
				00EDCFBF16717D6600388D1F /* FBNativeDialogs.m in Sources */,
				00EDCFC016717D6600388D1F /* FBPlacePickerCacheDescriptor.m in Sources */,
				00EDCFC116717D6600388D1F /* FBPlacePickerViewController.m in Sources */,
				00EDCFC216717D6600388D1F /* FBProfilePictureView.m in Sources */,
				00EDCFC316717D6600388D1F /* FBRequest.m in Sources */,
				00EDCFC416717D6600388D1F /* FBRequestBody.m in Sources */,
				00EDCFC516717D6600388D1F /* FBRequestConnection.m in Sources */,
				00EDCFC616717D6600388D1F /* FBSession.m in Sources */,
				00EDCFC716717D6600388D1F /* FBSessionManualTokenCachingStrategy.m in Sources */,
				00EDCFC816717D6600388D1F /* FBSessionTokenCachingStrategy.m in Sources */,
				00EDCFC916717D6600388D1F /* FBSettings.m in Sources */,
				00EDCFCA16717D6600388D1F /* FBTestSession.m in Sources */,
				00EDCFCB16717D6600388D1F /* FBURLConnection.m in Sources */,
				00EDCFCC16717D6600388D1F /* FBUserSettingsViewController.m in Sources */,
				00EDCFCD16717D6600388D1F /* FBUtility.m in Sources */,
				00EDCFCE16717D6600388D1F /* FBViewController.m in Sources */,
			);
			runOnlyForDeploymentPostprocessing = 0;
		};
/* End PBXSourcesBuildPhase section */

/* Begin XCBuildConfiguration section */
		00EDCF45167179C700388D1F /* Debug */ = {
			isa = XCBuildConfiguration;
			buildSettings = {
				ALWAYS_SEARCH_USER_PATHS = NO;
				CLANG_CXX_LANGUAGE_STANDARD = "gnu++0x";
				CLANG_CXX_LIBRARY = "libc++";
				CLANG_ENABLE_OBJC_ARC = YES;
				CLANG_WARN_EMPTY_BODY = YES;
				CLANG_WARN__DUPLICATE_METHOD_MATCH = YES;
				COPY_PHASE_STRIP = NO;
				GCC_C_LANGUAGE_STANDARD = gnu99;
				GCC_DYNAMIC_NO_PIC = NO;
				GCC_OPTIMIZATION_LEVEL = 0;
				GCC_PREPROCESSOR_DEFINITIONS = (
					"DEBUG=1",
					"$(inherited)",
				);
				GCC_SYMBOLS_PRIVATE_EXTERN = NO;
				GCC_WARN_ABOUT_RETURN_TYPE = YES;
				GCC_WARN_UNINITIALIZED_AUTOS = YES;
				GCC_WARN_UNUSED_VARIABLE = YES;
				IPHONEOS_DEPLOYMENT_TARGET = 6.0;
				ONLY_ACTIVE_ARCH = YES;
				SDKROOT = iphoneos;
			};
			name = Debug;
		};
		00EDCF46167179C700388D1F /* Release */ = {
			isa = XCBuildConfiguration;
			buildSettings = {
				ALWAYS_SEARCH_USER_PATHS = NO;
				CLANG_CXX_LANGUAGE_STANDARD = "gnu++0x";
				CLANG_CXX_LIBRARY = "libc++";
				CLANG_ENABLE_OBJC_ARC = YES;
				CLANG_WARN_EMPTY_BODY = YES;
				CLANG_WARN__DUPLICATE_METHOD_MATCH = YES;
				COPY_PHASE_STRIP = YES;
				GCC_C_LANGUAGE_STANDARD = gnu99;
				GCC_WARN_ABOUT_RETURN_TYPE = YES;
				GCC_WARN_UNINITIALIZED_AUTOS = YES;
				GCC_WARN_UNUSED_VARIABLE = YES;
				IPHONEOS_DEPLOYMENT_TARGET = 6.0;
				SDKROOT = iphoneos;
				VALIDATE_PRODUCT = YES;
			};
			name = Release;
		};
		00EDCF48167179C700388D1F /* Debug */ = {
			isa = XCBuildConfiguration;
			buildSettings = {
				CLANG_ENABLE_OBJC_ARC = NO;
				DSTROOT = /tmp/Facebook.dst;
				GCC_PRECOMPILE_PREFIX_HEADER = YES;
				GCC_PREFIX_HEADER = "Facebook/Facebook-Prefix.pch";
				OTHER_LDFLAGS = "-ObjC";
				PRODUCT_NAME = "$(TARGET_NAME)";
				SKIP_INSTALL = YES;
			};
			name = Debug;
		};
		00EDCF49167179C700388D1F /* Release */ = {
			isa = XCBuildConfiguration;
			buildSettings = {
				CLANG_ENABLE_OBJC_ARC = NO;
				DSTROOT = /tmp/Facebook.dst;
				GCC_PRECOMPILE_PREFIX_HEADER = YES;
				GCC_PREFIX_HEADER = "Facebook/Facebook-Prefix.pch";
				OTHER_LDFLAGS = "-ObjC";
				PRODUCT_NAME = "$(TARGET_NAME)";
				SKIP_INSTALL = YES;
			};
			name = Release;
		};
		00EDD00D167181E000388D1F /* Debug */ = {
			isa = XCBuildConfiguration;
			buildSettings = {
				PRODUCT_NAME = "$(TARGET_NAME)";
			};
			name = Debug;
		};
		00EDD00E167181E000388D1F /* Release */ = {
			isa = XCBuildConfiguration;
			buildSettings = {
				PRODUCT_NAME = "$(TARGET_NAME)";
			};
			name = Release;
		};
		00EDD0121671823D00388D1F /* Debug */ = {
			isa = XCBuildConfiguration;
			buildSettings = {
				ARCHS = "$(ARCHS_STANDARD_64_BIT)";
				DEBUGGING_SYMBOLS = YES;
				GCC_ENABLE_OBJC_EXCEPTIONS = YES;
				GCC_GENERATE_DEBUGGING_SYMBOLS = YES;
				GCC_OPTIMIZATION_LEVEL = 0;
				GCC_WARN_64_TO_32_BIT_CONVERSION = YES;
				MACOSX_DEPLOYMENT_TARGET = 10.8;
				OTHER_CFLAGS = "";
				OTHER_LDFLAGS = "";
				PRODUCT_NAME = "$(TARGET_NAME)";
				SDKROOT = macosx;
			};
			name = Debug;
		};
		00EDD0131671823D00388D1F /* Release */ = {
			isa = XCBuildConfiguration;
			buildSettings = {
				ARCHS = "$(ARCHS_STANDARD_64_BIT)";
				DEBUG_INFORMATION_FORMAT = "dwarf-with-dsym";
				GCC_ENABLE_OBJC_EXCEPTIONS = YES;
				GCC_WARN_64_TO_32_BIT_CONVERSION = YES;
				MACOSX_DEPLOYMENT_TARGET = 10.8;
				OTHER_CFLAGS = "";
				OTHER_LDFLAGS = "";
				PRODUCT_NAME = "$(TARGET_NAME)";
				SDKROOT = macosx;
			};
			name = Release;
		};
/* End XCBuildConfiguration section */

/* Begin XCConfigurationList section */
		00EDCF33167179C700388D1F /* Build configuration list for PBXProject "Facebook" */ = {
			isa = XCConfigurationList;
			buildConfigurations = (
				00EDCF45167179C700388D1F /* Debug */,
				00EDCF46167179C700388D1F /* Release */,
			);
			defaultConfigurationIsVisible = 0;
			defaultConfigurationName = Release;
		};
		00EDCF47167179C700388D1F /* Build configuration list for PBXNativeTarget "Facebook" */ = {
			isa = XCConfigurationList;
			buildConfigurations = (
				00EDCF48167179C700388D1F /* Debug */,
				00EDCF49167179C700388D1F /* Release */,
			);
			defaultConfigurationIsVisible = 0;
			defaultConfigurationName = Release;
		};
		00EDD00C167181E000388D1F /* Build configuration list for PBXAggregateTarget "Facebook-Universal" */ = {
			isa = XCConfigurationList;
			buildConfigurations = (
				00EDD00D167181E000388D1F /* Debug */,
				00EDD00E167181E000388D1F /* Release */,
			);
			defaultConfigurationIsVisible = 0;
		};
		00EDD0111671823D00388D1F /* Build configuration list for PBXLegacyTarget "Facebook-Rake" */ = {
			isa = XCConfigurationList;
			buildConfigurations = (
				00EDD0121671823D00388D1F /* Debug */,
				00EDD0131671823D00388D1F /* Release */,
			);
			defaultConfigurationIsVisible = 0;
		};
/* End XCConfigurationList section */
	};
	rootObject = 00EDCF30167179C700388D1F /* Project object */;
}
